<?xml version="1.0" encoding="utf-8"?>
<Project ToolsVersion="4.0" xmlns="http://schemas.microsoft.com/developer/msbuild/2003">
  <ItemGroup>
    <ClCompile Include="Main.cpp" />
    <ClCompile Include="ModeLoadingApplication.cpp" />
    <ClCompile Include="Engine\Camera.cpp" />
    <ClCompile Include="Engine\Mesh.cpp" />
    <ClCompile Include="Engine\Model.cpp" />
    <ClCompile Include="Engine\OpenGLApplication.cpp" />
    <ClCompile Include="Engine\Shader.cpp" />
    <ClCompile Include="Engine\Texture.cpp" />
    <ClCompile Include="Lib\glad.c" />
    <ClCompile Include="Lib\imgui\imgui.cpp" />
    <ClCompile Include="Lib\imgui\imgui_demo.cpp" />
    <ClCompile Include="Lib\imgui\imgui_draw.cpp" />
    <ClCompile Include="Lib\imgui\imgui_impl_glfw_gl3.cpp" />
    <ClCompile Include="CameraController.cpp" />
  </ItemGroup>
  <ItemGroup>
    <ClInclude Include="CameraController.h" />
    <ClInclude Include="ModeLoadingApplication.h" />
    <ClInclude Include="Engine\Camera.h" />
    <ClInclude Include="Engine\Mesh.h" />
    <ClInclude Include="Engine\Model.h" />
    <ClInclude Include="Engine\OpenGLApplication.h" />
    <ClInclude Include="Engine\Shader.h" />
    <ClInclude Include="Engine\Texture.h" />
    <ClInclude Include="Lib\imgui\imconfig.h" />
    <ClInclude Include="Lib\imgui\imgui.h" />
    <ClInclude Include="Lib\imgui\imgui_impl_glfw_gl3.h" />
    <ClInclude Include="Lib\imgui\imgui_internal.h" />
    <ClInclude Include="Lib\imgui\stb_rect_pack.h" />
    <ClInclude Include="Lib\imgui\stb_textedit.h" />
    <ClInclude Include="Lib\imgui\stb_truetype.h" />
    <ClInclude Include="Lib\stb_image.h" />
  </ItemGroup>
</Project>